// !$*UTF8*$!
{
	archiveVersion = 1;
	classes = {
	};
	objectVersion = 56;
	objects = {

/* Begin PBXBuildFile section */
		440D32372C58EDB5002C9D42 /* AppDelegate.swift in Sources */ = {isa = PBXBuildFile; fileRef = 440D32362C58EDB5002C9D42 /* AppDelegate.swift */; };
		440D32392C58EDB5002C9D42 /* SceneDelegate.swift in Sources */ = {isa = PBXBuildFile; fileRef = 440D32382C58EDB5002C9D42 /* SceneDelegate.swift */; };
		440D323B2C58EDB5002C9D42 /* ViewController.swift in Sources */ = {isa = PBXBuildFile; fileRef = 440D323A2C58EDB5002C9D42 /* ViewController.swift */; };
		440D32402C58EDB6002C9D42 /* Assets.xcassets in Resources */ = {isa = PBXBuildFile; fileRef = 440D323F2C58EDB6002C9D42 /* Assets.xcassets */; };
		440D32432C58EDB6002C9D42 /* Base in Resources */ = {isa = PBXBuildFile; fileRef = 440D32422C58EDB6002C9D42 /* Base */; };
		44105D932C58F706004D4A45 /* ComposableArchitecture in Frameworks */ = {isa = PBXBuildFile; productRef = 44105D922C58F706004D4A45 /* ComposableArchitecture */; };
		44105D962C58F74F004D4A45 /* BaseToolbox in Frameworks */ = {isa = PBXBuildFile; productRef = 44105D952C58F74F004D4A45 /* BaseToolbox */; };
		44105DC72C590333004D4A45 /* GitUserEngine.swift in Sources */ = {isa = PBXBuildFile; fileRef = 44105DC62C590333004D4A45 /* GitUserEngine.swift */; };
		44105DCD2C59036D004D4A45 /* Search.swift in Sources */ = {isa = PBXBuildFile; fileRef = 44105DCC2C59036D004D4A45 /* Search.swift */; };
		44105DDB2C59060B004D4A45 /* Account.swift in Sources */ = {isa = PBXBuildFile; fileRef = 44105DDA2C59060B004D4A45 /* Account.swift */; };
		44105DE52C590A46004D4A45 /* Alamofire in Frameworks */ = {isa = PBXBuildFile; productRef = 44105DE42C590A46004D4A45 /* Alamofire */; };
		44105DF42C590BEC004D4A45 /* GitUserRequest.swift in Sources */ = {isa = PBXBuildFile; fileRef = 44105DE12C5909D3004D4A45 /* GitUserRequest.swift */; };
		44105DF62C590BEC004D4A45 /* FunctionDescription.swift in Sources */ = {isa = PBXBuildFile; fileRef = 44105DDF2C590838004D4A45 /* FunctionDescription.swift */; };
		44105DF72C590BF2004D4A45 /* Network.swift in Sources */ = {isa = PBXBuildFile; fileRef = 44105DDD2C590729004D4A45 /* Network.swift */; };
		44105DF92C590C0E004D4A45 /* Alamofire in Frameworks */ = {isa = PBXBuildFile; productRef = 44105DF82C590C0E004D4A45 /* Alamofire */; };
		44105DFB2C590C70004D4A45 /* ServerConfig.swift in Sources */ = {isa = PBXBuildFile; fileRef = 44105DFA2C590C70004D4A45 /* ServerConfig.swift */; };
		44105DFC2C59103F004D4A45 /* libGitAPI.a in Frameworks */ = {isa = PBXBuildFile; fileRef = 44105DED2C590BE3004D4A45 /* libGitAPI.a */; };
		44105E112C591646004D4A45 /* ComposableArchitecture in Frameworks */ = {isa = PBXBuildFile; productRef = 44105E102C591646004D4A45 /* ComposableArchitecture */; };
		44105E122C591646004D4A45 /* libGitUserCore.a in Frameworks */ = {isa = PBXBuildFile; fileRef = 44105DC42C590333004D4A45 /* libGitUserCore.a */; };
		44105E162C5916D2004D4A45 /* SearchStore.swift in Sources */ = {isa = PBXBuildFile; fileRef = 44105E152C5916D2004D4A45 /* SearchStore.swift */; };
		44105E172C59186B004D4A45 /* Context.swift in Sources */ = {isa = PBXBuildFile; fileRef = 44105DFE2C59137E004D4A45 /* Context.swift */; };
		44105E1B2C5919B1004D4A45 /* SearchViewController.swift in Sources */ = {isa = PBXBuildFile; fileRef = 44105E1A2C5919B1004D4A45 /* SearchViewController.swift */; };
		44105E1F2C591EE4004D4A45 /* SearchResultController.swift in Sources */ = {isa = PBXBuildFile; fileRef = 44105E1E2C591EE4004D4A45 /* SearchResultController.swift */; };
		44105E212C5924AE004D4A45 /* Api.swift in Sources */ = {isa = PBXBuildFile; fileRef = 44105E202C5924AE004D4A45 /* Api.swift */; };
		44105E232C5924E4004D4A45 /* Api_Search.swift in Sources */ = {isa = PBXBuildFile; fileRef = 44105E222C5924E4004D4A45 /* Api_Search.swift */; };
		44105E372C5929BA004D4A45 /* LogBox.swift in Sources */ = {isa = PBXBuildFile; fileRef = 44105E002C5914A9004D4A45 /* LogBox.swift */; };
		44105E382C5929BA004D4A45 /* Logging.swift in Sources */ = {isa = PBXBuildFile; fileRef = 44105DE72C590B5C004D4A45 /* Logging.swift */; };
		44105E392C5931AC004D4A45 /* libGitLibrary.a in Frameworks */ = {isa = PBXBuildFile; fileRef = 44105E092C591616004D4A45 /* libGitLibrary.a */; };
		44105E4A2C5936E4004D4A45 /* GitUser.swift in Sources */ = {isa = PBXBuildFile; fileRef = 44105E492C5936E4004D4A45 /* GitUser.swift */; };
		44105E4B2C593C2D004D4A45 /* libGitModel.a in Frameworks */ = {isa = PBXBuildFile; fileRef = 44105E422C5936C5004D4A45 /* libGitModel.a */; };
		44105E4C2C593D07004D4A45 /* libGitModel.a in Frameworks */ = {isa = PBXBuildFile; fileRef = 44105E422C5936C5004D4A45 /* libGitModel.a */; };
		44105E4D2C593F6A004D4A45 /* libGitModel.a in Frameworks */ = {isa = PBXBuildFile; fileRef = 44105E422C5936C5004D4A45 /* libGitModel.a */; };
		44105E522C59E08C004D4A45 /* UIComponent in Frameworks */ = {isa = PBXBuildFile; productRef = 44105E512C59E08C004D4A45 /* UIComponent */; };
		44105E552C59E355004D4A45 /* Font+Extension.swift in Sources */ = {isa = PBXBuildFile; fileRef = 44105E542C59E355004D4A45 /* Font+Extension.swift */; };
		44105E572C59E5A7004D4A45 /* Colors.swift in Sources */ = {isa = PBXBuildFile; fileRef = 44105E562C59E5A7004D4A45 /* Colors.swift */; };
		44105E6D2C5A6EB5004D4A45 /* ModalAnimator.swift in Sources */ = {isa = PBXBuildFile; fileRef = 44105E582C5A6EB4004D4A45 /* ModalAnimator.swift */; };
		44105E6E2C5A6EB5004D4A45 /* ModalPresentationAnimator.swift in Sources */ = {isa = PBXBuildFile; fileRef = 44105E592C5A6EB4004D4A45 /* ModalPresentationAnimator.swift */; };
		44105E6F2C5A6EB5004D4A45 /* ModalPresentationController.swift in Sources */ = {isa = PBXBuildFile; fileRef = 44105E5B2C5A6EB4004D4A45 /* ModalPresentationController.swift */; };
		44105E702C5A6EB5004D4A45 /* ModalPresentationDelegate.swift in Sources */ = {isa = PBXBuildFile; fileRef = 44105E5D2C5A6EB4004D4A45 /* ModalPresentationDelegate.swift */; };
		44105E712C5A6EB5004D4A45 /* ModalHeight.swift in Sources */ = {isa = PBXBuildFile; fileRef = 44105E5F2C5A6EB4004D4A45 /* ModalHeight.swift */; };
		44105E722C5A6EB5004D4A45 /* ModalPresent+UIViewController.swift in Sources */ = {isa = PBXBuildFile; fileRef = 44105E602C5A6EB4004D4A45 /* ModalPresent+UIViewController.swift */; };
		44105E732C5A6EB5004D4A45 /* ModalPresentable.swift in Sources */ = {isa = PBXBuildFile; fileRef = 44105E612C5A6EB4004D4A45 /* ModalPresentable.swift */; };
		44105E742C5A6EB5004D4A45 /* ModalPresentable+Default.swift in Sources */ = {isa = PBXBuildFile; fileRef = 44105E622C5A6EB4004D4A45 /* ModalPresentable+Default.swift */; };
		44105E752C5A6EB5004D4A45 /* ModalPresentable+LayoutHelpers.swift in Sources */ = {isa = PBXBuildFile; fileRef = 44105E632C5A6EB4004D4A45 /* ModalPresentable+LayoutHelpers.swift */; };
		44105E762C5A6EB5004D4A45 /* ModalPresentBackgroundInteraction.swift in Sources */ = {isa = PBXBuildFile; fileRef = 44105E642C5A6EB4004D4A45 /* ModalPresentBackgroundInteraction.swift */; };
		44105E772C5A6EB5004D4A45 /* ModalPresenter.swift in Sources */ = {isa = PBXBuildFile; fileRef = 44105E662C5A6EB4004D4A45 /* ModalPresenter.swift */; };
		44105E782C5A6EB5004D4A45 /* ModalPresenter+UIViewController.swift in Sources */ = {isa = PBXBuildFile; fileRef = 44105E672C5A6EB4004D4A45 /* ModalPresenter+UIViewController.swift */; };
		44105E792C5A6EB5004D4A45 /* ContainerView.swift in Sources */ = {isa = PBXBuildFile; fileRef = 44105E692C5A6EB4004D4A45 /* ContainerView.swift */; };
		44105E7A2C5A6EB5004D4A45 /* DimmedView.swift in Sources */ = {isa = PBXBuildFile; fileRef = 44105E6A2C5A6EB4004D4A45 /* DimmedView.swift */; };
		44105E7C2C5A6F0A004D4A45 /* WebViewController.swift in Sources */ = {isa = PBXBuildFile; fileRef = 44105E7B2C5A6F0A004D4A45 /* WebViewController.swift */; };
		44105E7E2C5A7244004D4A45 /* ViewController+Extension.swift in Sources */ = {isa = PBXBuildFile; fileRef = 44105E7D2C5A7244004D4A45 /* ViewController+Extension.swift */; };
		44105E802C5A72E4004D4A45 /* ScrollViewBehavior.swift in Sources */ = {isa = PBXBuildFile; fileRef = 44105E7F2C5A72E4004D4A45 /* ScrollViewBehavior.swift */; };
		44105E822C5A7341004D4A45 /* UIScrollView+Extension.swift in Sources */ = {isa = PBXBuildFile; fileRef = 44105E812C5A7341004D4A45 /* UIScrollView+Extension.swift */; };
		44105E852C5A7A79004D4A45 /* User.swift in Sources */ = {isa = PBXBuildFile; fileRef = 44105E842C5A7A79004D4A45 /* User.swift */; };
		44105E872C5A7C22004D4A45 /* Api_User.swift in Sources */ = {isa = PBXBuildFile; fileRef = 44105E862C5A7C22004D4A45 /* Api_User.swift */; };
		44105E892C5A7D05004D4A45 /* DetailedGitUser.swift in Sources */ = {isa = PBXBuildFile; fileRef = 44105E882C5A7D05004D4A45 /* DetailedGitUser.swift */; };
		44105E8C2C5A8D30004D4A45 /* UserDetailViewController.swift in Sources */ = {isa = PBXBuildFile; fileRef = 44105E8B2C5A8D30004D4A45 /* UserDetailViewController.swift */; };
		44105E8E2C5A8EC2004D4A45 /* UserDetailStore.swift in Sources */ = {isa = PBXBuildFile; fileRef = 44105E8D2C5A8EC2004D4A45 /* UserDetailStore.swift */; };
/* End PBXBuildFile section */

/* Begin PBXContainerItemProxy section */
		44105E032C591570004D4A45 /* PBXContainerItemProxy */ = {
			isa = PBXContainerItemProxy;
			containerPortal = 440D322B2C58EDB5002C9D42 /* Project object */;
			proxyType = 1;
			remoteGlobalIDString = 44105DC32C590333004D4A45;
			remoteInfo = GitUserCore;
		};
		44105E3A2C5931AC004D4A45 /* PBXContainerItemProxy */ = {
			isa = PBXContainerItemProxy;
			containerPortal = 440D322B2C58EDB5002C9D42 /* Project object */;
			proxyType = 1;
			remoteGlobalIDString = 44105E082C591616004D4A45;
			remoteInfo = GitLibrary;
		};
/* End PBXContainerItemProxy section */

/* Begin PBXCopyFilesBuildPhase section */
		44105DB32C58FF95004D4A45 /* Embed Frameworks */ = {
			isa = PBXCopyFilesBuildPhase;
			buildActionMask = 2147483647;
			dstPath = "";
			dstSubfolderSpec = 10;
			files = (
			);
			name = "Embed Frameworks";
			runOnlyForDeploymentPostprocessing = 0;
		};
		44105DC22C590333004D4A45 /* CopyFiles */ = {
			isa = PBXCopyFilesBuildPhase;
			buildActionMask = 2147483647;
			dstPath = "include/$(PRODUCT_NAME)";
			dstSubfolderSpec = 16;
			files = (
			);
			runOnlyForDeploymentPostprocessing = 0;
		};
		44105DEB2C590BE3004D4A45 /* CopyFiles */ = {
			isa = PBXCopyFilesBuildPhase;
			buildActionMask = 2147483647;
			dstPath = "include/$(PRODUCT_NAME)";
			dstSubfolderSpec = 16;
			files = (
			);
			runOnlyForDeploymentPostprocessing = 0;
		};
		44105E072C591616004D4A45 /* CopyFiles */ = {
			isa = PBXCopyFilesBuildPhase;
			buildActionMask = 2147483647;
			dstPath = "include/$(PRODUCT_NAME)";
			dstSubfolderSpec = 16;
			files = (
			);
			runOnlyForDeploymentPostprocessing = 0;
		};
		44105E402C5936C5004D4A45 /* CopyFiles */ = {
			isa = PBXCopyFilesBuildPhase;
			buildActionMask = 2147483647;
			dstPath = "include/$(PRODUCT_NAME)";
			dstSubfolderSpec = 16;
			files = (
			);
			runOnlyForDeploymentPostprocessing = 0;
		};
/* End PBXCopyFilesBuildPhase section */

/* Begin PBXFileReference section */
		440D32332C58EDB5002C9D42 /* GitUser.app */ = {isa = PBXFileReference; explicitFileType = wrapper.application; includeInIndex = 0; path = GitUser.app; sourceTree = BUILT_PRODUCTS_DIR; };
		440D32362C58EDB5002C9D42 /* AppDelegate.swift */ = {isa = PBXFileReference; lastKnownFileType = sourcecode.swift; path = AppDelegate.swift; sourceTree = "<group>"; };
		440D32382C58EDB5002C9D42 /* SceneDelegate.swift */ = {isa = PBXFileReference; lastKnownFileType = sourcecode.swift; path = SceneDelegate.swift; sourceTree = "<group>"; };
		440D323A2C58EDB5002C9D42 /* ViewController.swift */ = {isa = PBXFileReference; lastKnownFileType = sourcecode.swift; path = ViewController.swift; sourceTree = "<group>"; };
		440D323F2C58EDB6002C9D42 /* Assets.xcassets */ = {isa = PBXFileReference; lastKnownFileType = folder.assetcatalog; path = Assets.xcassets; sourceTree = "<group>"; };
		440D32422C58EDB6002C9D42 /* Base */ = {isa = PBXFileReference; lastKnownFileType = file.storyboard; name = Base; path = Base.lproj/LaunchScreen.storyboard; sourceTree = "<group>"; };
		440D32442C58EDB6002C9D42 /* Info.plist */ = {isa = PBXFileReference; lastKnownFileType = text.plist.xml; path = Info.plist; sourceTree = "<group>"; };
		44105DC42C590333004D4A45 /* libGitUserCore.a */ = {isa = PBXFileReference; explicitFileType = archive.ar; includeInIndex = 0; path = libGitUserCore.a; sourceTree = BUILT_PRODUCTS_DIR; };
		44105DC62C590333004D4A45 /* GitUserEngine.swift */ = {isa = PBXFileReference; lastKnownFileType = sourcecode.swift; path = GitUserEngine.swift; sourceTree = "<group>"; };
		44105DCC2C59036D004D4A45 /* Search.swift */ = {isa = PBXFileReference; lastKnownFileType = sourcecode.swift; path = Search.swift; sourceTree = "<group>"; };
		44105DDA2C59060B004D4A45 /* Account.swift */ = {isa = PBXFileReference; lastKnownFileType = sourcecode.swift; path = Account.swift; sourceTree = "<group>"; };
		44105DDD2C590729004D4A45 /* Network.swift */ = {isa = PBXFileReference; lastKnownFileType = sourcecode.swift; path = Network.swift; sourceTree = "<group>"; };
		44105DDF2C590838004D4A45 /* FunctionDescription.swift */ = {isa = PBXFileReference; lastKnownFileType = sourcecode.swift; path = FunctionDescription.swift; sourceTree = "<group>"; };
		44105DE12C5909D3004D4A45 /* GitUserRequest.swift */ = {isa = PBXFileReference; lastKnownFileType = sourcecode.swift; path = GitUserRequest.swift; sourceTree = "<group>"; };
		44105DE72C590B5C004D4A45 /* Logging.swift */ = {isa = PBXFileReference; lastKnownFileType = sourcecode.swift; path = Logging.swift; sourceTree = "<group>"; };
		44105DED2C590BE3004D4A45 /* libGitAPI.a */ = {isa = PBXFileReference; explicitFileType = archive.ar; includeInIndex = 0; path = libGitAPI.a; sourceTree = BUILT_PRODUCTS_DIR; };
		44105DFA2C590C70004D4A45 /* ServerConfig.swift */ = {isa = PBXFileReference; lastKnownFileType = sourcecode.swift; path = ServerConfig.swift; sourceTree = "<group>"; };
		44105DFE2C59137E004D4A45 /* Context.swift */ = {isa = PBXFileReference; lastKnownFileType = sourcecode.swift; path = Context.swift; sourceTree = "<group>"; };
		44105E002C5914A9004D4A45 /* LogBox.swift */ = {isa = PBXFileReference; lastKnownFileType = sourcecode.swift; path = LogBox.swift; sourceTree = "<group>"; };
		44105E092C591616004D4A45 /* libGitLibrary.a */ = {isa = PBXFileReference; explicitFileType = archive.ar; includeInIndex = 0; path = libGitLibrary.a; sourceTree = BUILT_PRODUCTS_DIR; };
		44105E152C5916D2004D4A45 /* SearchStore.swift */ = {isa = PBXFileReference; lastKnownFileType = sourcecode.swift; path = SearchStore.swift; sourceTree = "<group>"; };
		44105E1A2C5919B1004D4A45 /* SearchViewController.swift */ = {isa = PBXFileReference; lastKnownFileType = sourcecode.swift; path = SearchViewController.swift; sourceTree = "<group>"; };
		44105E1E2C591EE4004D4A45 /* SearchResultController.swift */ = {isa = PBXFileReference; lastKnownFileType = sourcecode.swift; path = SearchResultController.swift; sourceTree = "<group>"; };
		44105E202C5924AE004D4A45 /* Api.swift */ = {isa = PBXFileReference; lastKnownFileType = sourcecode.swift; path = Api.swift; sourceTree = "<group>"; };
		44105E222C5924E4004D4A45 /* Api_Search.swift */ = {isa = PBXFileReference; lastKnownFileType = sourcecode.swift; path = Api_Search.swift; sourceTree = "<group>"; };
		44105E422C5936C5004D4A45 /* libGitModel.a */ = {isa = PBXFileReference; explicitFileType = archive.ar; includeInIndex = 0; path = libGitModel.a; sourceTree = BUILT_PRODUCTS_DIR; };
		44105E492C5936E4004D4A45 /* GitUser.swift */ = {isa = PBXFileReference; lastKnownFileType = sourcecode.swift; path = GitUser.swift; sourceTree = "<group>"; };
		44105E542C59E355004D4A45 /* Font+Extension.swift */ = {isa = PBXFileReference; lastKnownFileType = sourcecode.swift; path = "Font+Extension.swift"; sourceTree = "<group>"; };
		44105E562C59E5A7004D4A45 /* Colors.swift */ = {isa = PBXFileReference; lastKnownFileType = sourcecode.swift; path = Colors.swift; sourceTree = "<group>"; };
		44105E582C5A6EB4004D4A45 /* ModalAnimator.swift */ = {isa = PBXFileReference; fileEncoding = 4; lastKnownFileType = sourcecode.swift; path = ModalAnimator.swift; sourceTree = "<group>"; };
		44105E592C5A6EB4004D4A45 /* ModalPresentationAnimator.swift */ = {isa = PBXFileReference; fileEncoding = 4; lastKnownFileType = sourcecode.swift; path = ModalPresentationAnimator.swift; sourceTree = "<group>"; };
		44105E5B2C5A6EB4004D4A45 /* ModalPresentationController.swift */ = {isa = PBXFileReference; fileEncoding = 4; lastKnownFileType = sourcecode.swift; path = ModalPresentationController.swift; sourceTree = "<group>"; };
		44105E5D2C5A6EB4004D4A45 /* ModalPresentationDelegate.swift */ = {isa = PBXFileReference; fileEncoding = 4; lastKnownFileType = sourcecode.swift; path = ModalPresentationDelegate.swift; sourceTree = "<group>"; };
		44105E5F2C5A6EB4004D4A45 /* ModalHeight.swift */ = {isa = PBXFileReference; fileEncoding = 4; lastKnownFileType = sourcecode.swift; path = ModalHeight.swift; sourceTree = "<group>"; };
		44105E602C5A6EB4004D4A45 /* ModalPresent+UIViewController.swift */ = {isa = PBXFileReference; fileEncoding = 4; lastKnownFileType = sourcecode.swift; path = "ModalPresent+UIViewController.swift"; sourceTree = "<group>"; };
		44105E612C5A6EB4004D4A45 /* ModalPresentable.swift */ = {isa = PBXFileReference; fileEncoding = 4; lastKnownFileType = sourcecode.swift; path = ModalPresentable.swift; sourceTree = "<group>"; };
		44105E622C5A6EB4004D4A45 /* ModalPresentable+Default.swift */ = {isa = PBXFileReference; fileEncoding = 4; lastKnownFileType = sourcecode.swift; path = "ModalPresentable+Default.swift"; sourceTree = "<group>"; };
		44105E632C5A6EB4004D4A45 /* ModalPresentable+LayoutHelpers.swift */ = {isa = PBXFileReference; fileEncoding = 4; lastKnownFileType = sourcecode.swift; path = "ModalPresentable+LayoutHelpers.swift"; sourceTree = "<group>"; };
		44105E642C5A6EB4004D4A45 /* ModalPresentBackgroundInteraction.swift */ = {isa = PBXFileReference; fileEncoding = 4; lastKnownFileType = sourcecode.swift; path = ModalPresentBackgroundInteraction.swift; sourceTree = "<group>"; };
		44105E662C5A6EB4004D4A45 /* ModalPresenter.swift */ = {isa = PBXFileReference; fileEncoding = 4; lastKnownFileType = sourcecode.swift; path = ModalPresenter.swift; sourceTree = "<group>"; };
		44105E672C5A6EB4004D4A45 /* ModalPresenter+UIViewController.swift */ = {isa = PBXFileReference; fileEncoding = 4; lastKnownFileType = sourcecode.swift; path = "ModalPresenter+UIViewController.swift"; sourceTree = "<group>"; };
		44105E692C5A6EB4004D4A45 /* ContainerView.swift */ = {isa = PBXFileReference; fileEncoding = 4; lastKnownFileType = sourcecode.swift; path = ContainerView.swift; sourceTree = "<group>"; };
		44105E6A2C5A6EB4004D4A45 /* DimmedView.swift */ = {isa = PBXFileReference; fileEncoding = 4; lastKnownFileType = sourcecode.swift; path = DimmedView.swift; sourceTree = "<group>"; };
		44105E7B2C5A6F0A004D4A45 /* WebViewController.swift */ = {isa = PBXFileReference; lastKnownFileType = sourcecode.swift; path = WebViewController.swift; sourceTree = "<group>"; };
		44105E7D2C5A7244004D4A45 /* ViewController+Extension.swift */ = {isa = PBXFileReference; lastKnownFileType = sourcecode.swift; path = "ViewController+Extension.swift"; sourceTree = "<group>"; };
		44105E7F2C5A72E4004D4A45 /* ScrollViewBehavior.swift */ = {isa = PBXFileReference; lastKnownFileType = sourcecode.swift; path = ScrollViewBehavior.swift; sourceTree = "<group>"; };
		44105E812C5A7341004D4A45 /* UIScrollView+Extension.swift */ = {isa = PBXFileReference; lastKnownFileType = sourcecode.swift; path = "UIScrollView+Extension.swift"; sourceTree = "<group>"; };
		44105E842C5A7A79004D4A45 /* User.swift */ = {isa = PBXFileReference; lastKnownFileType = sourcecode.swift; path = User.swift; sourceTree = "<group>"; };
		44105E862C5A7C22004D4A45 /* Api_User.swift */ = {isa = PBXFileReference; lastKnownFileType = sourcecode.swift; path = Api_User.swift; sourceTree = "<group>"; };
		44105E882C5A7D05004D4A45 /* DetailedGitUser.swift */ = {isa = PBXFileReference; lastKnownFileType = sourcecode.swift; path = DetailedGitUser.swift; sourceTree = "<group>"; };
		44105E8B2C5A8D30004D4A45 /* UserDetailViewController.swift */ = {isa = PBXFileReference; lastKnownFileType = sourcecode.swift; path = UserDetailViewController.swift; sourceTree = "<group>"; };
		44105E8D2C5A8EC2004D4A45 /* UserDetailStore.swift */ = {isa = PBXFileReference; lastKnownFileType = sourcecode.swift; path = UserDetailStore.swift; sourceTree = "<group>"; };
/* End PBXFileReference section */

/* Begin PBXFrameworksBuildPhase section */
		440D32302C58EDB5002C9D42 /* Frameworks */ = {
			isa = PBXFrameworksBuildPhase;
			buildActionMask = 2147483647;
			files = (
				44105E522C59E08C004D4A45 /* UIComponent in Frameworks */,
				44105D932C58F706004D4A45 /* ComposableArchitecture in Frameworks */,
				44105D962C58F74F004D4A45 /* BaseToolbox in Frameworks */,
				44105E392C5931AC004D4A45 /* libGitLibrary.a in Frameworks */,
			);
			runOnlyForDeploymentPostprocessing = 0;
		};
		44105DC12C590333004D4A45 /* Frameworks */ = {
			isa = PBXFrameworksBuildPhase;
			buildActionMask = 2147483647;
			files = (
				44105E4C2C593D07004D4A45 /* libGitModel.a in Frameworks */,
				44105DFC2C59103F004D4A45 /* libGitAPI.a in Frameworks */,
				44105DE52C590A46004D4A45 /* Alamofire in Frameworks */,
			);
			runOnlyForDeploymentPostprocessing = 0;
		};
		44105DEA2C590BE3004D4A45 /* Frameworks */ = {
			isa = PBXFrameworksBuildPhase;
			buildActionMask = 2147483647;
			files = (
				44105E4B2C593C2D004D4A45 /* libGitModel.a in Frameworks */,
				44105DF92C590C0E004D4A45 /* Alamofire in Frameworks */,
			);
			runOnlyForDeploymentPostprocessing = 0;
		};
		44105E062C591616004D4A45 /* Frameworks */ = {
			isa = PBXFrameworksBuildPhase;
			buildActionMask = 2147483647;
			files = (
				44105E4D2C593F6A004D4A45 /* libGitModel.a in Frameworks */,
				44105E122C591646004D4A45 /* libGitUserCore.a in Frameworks */,
				44105E112C591646004D4A45 /* ComposableArchitecture in Frameworks */,
			);
			runOnlyForDeploymentPostprocessing = 0;
		};
		44105E3F2C5936C5004D4A45 /* Frameworks */ = {
			isa = PBXFrameworksBuildPhase;
			buildActionMask = 2147483647;
			files = (
			);
			runOnlyForDeploymentPostprocessing = 0;
		};
/* End PBXFrameworksBuildPhase section */

/* Begin PBXGroup section */
		440D322A2C58EDB5002C9D42 = {
			isa = PBXGroup;
			children = (
				440D32352C58EDB5002C9D42 /* GitUser */,
				44105DC52C590333004D4A45 /* GitUserCore */,
				44105DEE2C590BE3004D4A45 /* GitAPI */,
				44105E0A2C591616004D4A45 /* GitLibrary */,
				44105E432C5936C5004D4A45 /* GitModel */,
				440D32342C58EDB5002C9D42 /* Products */,
				44105DBD2C590003004D4A45 /* Frameworks */,
			);
			sourceTree = "<group>";
		};
		440D32342C58EDB5002C9D42 /* Products */ = {
			isa = PBXGroup;
			children = (
				440D32332C58EDB5002C9D42 /* GitUser.app */,
				44105DC42C590333004D4A45 /* libGitUserCore.a */,
				44105DED2C590BE3004D4A45 /* libGitAPI.a */,
				44105E092C591616004D4A45 /* libGitLibrary.a */,
				44105E422C5936C5004D4A45 /* libGitModel.a */,
			);
			name = Products;
			sourceTree = "<group>";
		};
		440D32352C58EDB5002C9D42 /* GitUser */ = {
			isa = PBXGroup;
			children = (
				44105E6C2C5A6EB4004D4A45 /* ModalPresenter */,
				44105E532C59E346004D4A45 /* Utils */,
				44105E182C59197A004D4A45 /* Features */,
				44105D8E2C58EFF4004D4A45 /* Components */,
				44105D8D2C58EF72004D4A45 /* App */,
			);
			path = GitUser;
			sourceTree = "<group>";
		};
		44105D8D2C58EF72004D4A45 /* App */ = {
			isa = PBXGroup;
			children = (
				440D32362C58EDB5002C9D42 /* AppDelegate.swift */,
				440D32382C58EDB5002C9D42 /* SceneDelegate.swift */,
				440D323F2C58EDB6002C9D42 /* Assets.xcassets */,
				440D32412C58EDB6002C9D42 /* LaunchScreen.storyboard */,
				440D32442C58EDB6002C9D42 /* Info.plist */,
			);
			path = App;
			sourceTree = "<group>";
		};
		44105D8E2C58EFF4004D4A45 /* Components */ = {
			isa = PBXGroup;
			children = (
				44105E7B2C5A6F0A004D4A45 /* WebViewController.swift */,
				440D323A2C58EDB5002C9D42 /* ViewController.swift */,
				44105E7F2C5A72E4004D4A45 /* ScrollViewBehavior.swift */,
			);
			path = Components;
			sourceTree = "<group>";
		};
		44105DBD2C590003004D4A45 /* Frameworks */ = {
			isa = PBXGroup;
			children = (
			);
			name = Frameworks;
			sourceTree = "<group>";
		};
		44105DC52C590333004D4A45 /* GitUserCore */ = {
			isa = PBXGroup;
			children = (
				44105E832C5A7A72004D4A45 /* User */,
				44105DE72C590B5C004D4A45 /* Logging.swift */,
				44105E002C5914A9004D4A45 /* LogBox.swift */,
				44105DD92C590603004D4A45 /* Account */,
				44105DCB2C59035F004D4A45 /* Search */,
				44105DC62C590333004D4A45 /* GitUserEngine.swift */,
			);
			path = GitUserCore;
			sourceTree = "<group>";
		};
		44105DCB2C59035F004D4A45 /* Search */ = {
			isa = PBXGroup;
			children = (
				44105DCC2C59036D004D4A45 /* Search.swift */,
			);
			path = Search;
			sourceTree = "<group>";
		};
		44105DD92C590603004D4A45 /* Account */ = {
			isa = PBXGroup;
			children = (
				44105DDA2C59060B004D4A45 /* Account.swift */,
			);
			path = Account;
			sourceTree = "<group>";
		};
		44105DEE2C590BE3004D4A45 /* GitAPI */ = {
			isa = PBXGroup;
			children = (
				44105DDD2C590729004D4A45 /* Network.swift */,
				44105DDF2C590838004D4A45 /* FunctionDescription.swift */,
				44105DE12C5909D3004D4A45 /* GitUserRequest.swift */,
				44105DFA2C590C70004D4A45 /* ServerConfig.swift */,
				44105E202C5924AE004D4A45 /* Api.swift */,
				44105E222C5924E4004D4A45 /* Api_Search.swift */,
				44105E862C5A7C22004D4A45 /* Api_User.swift */,
			);
			path = GitAPI;
			sourceTree = "<group>";
		};
		44105DFD2C591377004D4A45 /* Context */ = {
			isa = PBXGroup;
			children = (
				44105DFE2C59137E004D4A45 /* Context.swift */,
			);
			path = Context;
			sourceTree = "<group>";
		};
		44105E0A2C591616004D4A45 /* GitLibrary */ = {
			isa = PBXGroup;
			children = (
				44105E132C5916C1004D4A45 /* Stores */,
				44105DFD2C591377004D4A45 /* Context */,
			);
			path = GitLibrary;
			sourceTree = "<group>";
		};
		44105E132C5916C1004D4A45 /* Stores */ = {
			isa = PBXGroup;
			children = (
				44105E152C5916D2004D4A45 /* SearchStore.swift */,
				44105E8D2C5A8EC2004D4A45 /* UserDetailStore.swift */,
			);
			path = Stores;
			sourceTree = "<group>";
		};
		44105E182C59197A004D4A45 /* Features */ = {
			isa = PBXGroup;
			children = (
				44105E8A2C5A8D1B004D4A45 /* UserDetail */,
				44105E192C591980004D4A45 /* Search */,
			);
			path = Features;
			sourceTree = "<group>";
		};
		44105E192C591980004D4A45 /* Search */ = {
			isa = PBXGroup;
			children = (
				44105E1A2C5919B1004D4A45 /* SearchViewController.swift */,
				44105E1E2C591EE4004D4A45 /* SearchResultController.swift */,
			);
			path = Search;
			sourceTree = "<group>";
		};
		44105E432C5936C5004D4A45 /* GitModel */ = {
			isa = PBXGroup;
			children = (
				44105E492C5936E4004D4A45 /* GitUser.swift */,
				44105E882C5A7D05004D4A45 /* DetailedGitUser.swift */,
			);
			path = GitModel;
			sourceTree = "<group>";
		};
		44105E532C59E346004D4A45 /* Utils */ = {
			isa = PBXGroup;
			children = (
				44105E542C59E355004D4A45 /* Font+Extension.swift */,
				44105E562C59E5A7004D4A45 /* Colors.swift */,
				44105E7D2C5A7244004D4A45 /* ViewController+Extension.swift */,
				44105E812C5A7341004D4A45 /* UIScrollView+Extension.swift */,
			);
			path = Utils;
			sourceTree = "<group>";
		};
		44105E5A2C5A6EB4004D4A45 /* Animator */ = {
			isa = PBXGroup;
			children = (
				44105E582C5A6EB4004D4A45 /* ModalAnimator.swift */,
				44105E592C5A6EB4004D4A45 /* ModalPresentationAnimator.swift */,
			);
			path = Animator;
			sourceTree = "<group>";
		};
		44105E5C2C5A6EB4004D4A45 /* Controller */ = {
			isa = PBXGroup;
			children = (
				44105E5B2C5A6EB4004D4A45 /* ModalPresentationController.swift */,
			);
			path = Controller;
			sourceTree = "<group>";
		};
		44105E5E2C5A6EB4004D4A45 /* Delegate */ = {
			isa = PBXGroup;
			children = (
				44105E5D2C5A6EB4004D4A45 /* ModalPresentationDelegate.swift */,
			);
			path = Delegate;
			sourceTree = "<group>";
		};
		44105E652C5A6EB4004D4A45 /* Presentable */ = {
			isa = PBXGroup;
			children = (
				44105E5F2C5A6EB4004D4A45 /* ModalHeight.swift */,
				44105E602C5A6EB4004D4A45 /* ModalPresent+UIViewController.swift */,
				44105E612C5A6EB4004D4A45 /* ModalPresentable.swift */,
				44105E622C5A6EB4004D4A45 /* ModalPresentable+Default.swift */,
				44105E632C5A6EB4004D4A45 /* ModalPresentable+LayoutHelpers.swift */,
				44105E642C5A6EB4004D4A45 /* ModalPresentBackgroundInteraction.swift */,
			);
			path = Presentable;
			sourceTree = "<group>";
		};
		44105E682C5A6EB4004D4A45 /* Presenter */ = {
			isa = PBXGroup;
			children = (
				44105E662C5A6EB4004D4A45 /* ModalPresenter.swift */,
				44105E672C5A6EB4004D4A45 /* ModalPresenter+UIViewController.swift */,
			);
			path = Presenter;
			sourceTree = "<group>";
		};
		44105E6B2C5A6EB4004D4A45 /* View */ = {
			isa = PBXGroup;
			children = (
				44105E692C5A6EB4004D4A45 /* ContainerView.swift */,
				44105E6A2C5A6EB4004D4A45 /* DimmedView.swift */,
			);
			path = View;
			sourceTree = "<group>";
		};
		44105E6C2C5A6EB4004D4A45 /* ModalPresenter */ = {
			isa = PBXGroup;
			children = (
				44105E5A2C5A6EB4004D4A45 /* Animator */,
				44105E5C2C5A6EB4004D4A45 /* Controller */,
				44105E5E2C5A6EB4004D4A45 /* Delegate */,
				44105E652C5A6EB4004D4A45 /* Presentable */,
				44105E682C5A6EB4004D4A45 /* Presenter */,
				44105E6B2C5A6EB4004D4A45 /* View */,
			);
			path = ModalPresenter;
			sourceTree = "<group>";
		};
		44105E832C5A7A72004D4A45 /* User */ = {
			isa = PBXGroup;
			children = (
				44105E842C5A7A79004D4A45 /* User.swift */,
			);
			path = User;
			sourceTree = "<group>";
		};
		44105E8A2C5A8D1B004D4A45 /* UserDetail */ = {
			isa = PBXGroup;
			children = (
				44105E8B2C5A8D30004D4A45 /* UserDetailViewController.swift */,
			);
			path = UserDetail;
			sourceTree = "<group>";
		};
/* End PBXGroup section */

/* Begin PBXNativeTarget section */
		440D32322C58EDB5002C9D42 /* GitUser */ = {
			isa = PBXNativeTarget;
			buildConfigurationList = 440D32472C58EDB6002C9D42 /* Build configuration list for PBXNativeTarget "GitUser" */;
			buildPhases = (
				440D322F2C58EDB5002C9D42 /* Sources */,
				440D32302C58EDB5002C9D42 /* Frameworks */,
				440D32312C58EDB5002C9D42 /* Resources */,
				44105DB32C58FF95004D4A45 /* Embed Frameworks */,
			);
			buildRules = (
			);
			dependencies = (
				44105E042C591570004D4A45 /* PBXTargetDependency */,
				44105E3B2C5931AC004D4A45 /* PBXTargetDependency */,
			);
			name = GitUser;
			packageProductDependencies = (
				44105D922C58F706004D4A45 /* ComposableArchitecture */,
				44105D952C58F74F004D4A45 /* BaseToolbox */,
				44105E512C59E08C004D4A45 /* UIComponent */,
			);
			productName = GitUser;
			productReference = 440D32332C58EDB5002C9D42 /* GitUser.app */;
			productType = "com.apple.product-type.application";
		};
		44105DC32C590333004D4A45 /* GitUserCore */ = {
			isa = PBXNativeTarget;
			buildConfigurationList = 44105DC82C590333004D4A45 /* Build configuration list for PBXNativeTarget "GitUserCore" */;
			buildPhases = (
				44105DC02C590333004D4A45 /* Sources */,
				44105DC12C590333004D4A45 /* Frameworks */,
				44105DC22C590333004D4A45 /* CopyFiles */,
			);
			buildRules = (
			);
			dependencies = (
			);
			name = GitUserCore;
			packageProductDependencies = (
				44105DE42C590A46004D4A45 /* Alamofire */,
			);
			productName = GitUserCore;
			productReference = 44105DC42C590333004D4A45 /* libGitUserCore.a */;
			productType = "com.apple.product-type.library.static";
		};
		44105DEC2C590BE3004D4A45 /* GitAPI */ = {
			isa = PBXNativeTarget;
			buildConfigurationList = 44105DF12C590BE3004D4A45 /* Build configuration list for PBXNativeTarget "GitAPI" */;
			buildPhases = (
				44105DE92C590BE3004D4A45 /* Sources */,
				44105DEA2C590BE3004D4A45 /* Frameworks */,
				44105DEB2C590BE3004D4A45 /* CopyFiles */,
			);
			buildRules = (
			);
			dependencies = (
			);
			name = GitAPI;
			packageProductDependencies = (
				44105DF82C590C0E004D4A45 /* Alamofire */,
			);
			productName = GitAPI;
			productReference = 44105DED2C590BE3004D4A45 /* libGitAPI.a */;
			productType = "com.apple.product-type.library.static";
		};
		44105E082C591616004D4A45 /* GitLibrary */ = {
			isa = PBXNativeTarget;
			buildConfigurationList = 44105E0D2C591616004D4A45 /* Build configuration list for PBXNativeTarget "GitLibrary" */;
			buildPhases = (
				44105E052C591616004D4A45 /* Sources */,
				44105E062C591616004D4A45 /* Frameworks */,
				44105E072C591616004D4A45 /* CopyFiles */,
			);
			buildRules = (
			);
			dependencies = (
			);
			name = GitLibrary;
			packageProductDependencies = (
				44105E102C591646004D4A45 /* ComposableArchitecture */,
			);
			productName = GitLibrary;
			productReference = 44105E092C591616004D4A45 /* libGitLibrary.a */;
			productType = "com.apple.product-type.library.static";
		};
		44105E412C5936C5004D4A45 /* GitModel */ = {
			isa = PBXNativeTarget;
			buildConfigurationList = 44105E462C5936C5004D4A45 /* Build configuration list for PBXNativeTarget "GitModel" */;
			buildPhases = (
				44105E3E2C5936C5004D4A45 /* Sources */,
				44105E3F2C5936C5004D4A45 /* Frameworks */,
				44105E402C5936C5004D4A45 /* CopyFiles */,
			);
			buildRules = (
			);
			dependencies = (
			);
			name = GitModel;
			productName = GitModel;
			productReference = 44105E422C5936C5004D4A45 /* libGitModel.a */;
			productType = "com.apple.product-type.library.static";
		};
/* End PBXNativeTarget section */

/* Begin PBXProject section */
		440D322B2C58EDB5002C9D42 /* Project object */ = {
			isa = PBXProject;
			attributes = {
				BuildIndependentTargetsInParallel = 1;
				LastSwiftUpdateCheck = 1540;
				LastUpgradeCheck = 1540;
				TargetAttributes = {
					440D32322C58EDB5002C9D42 = {
						CreatedOnToolsVersion = 15.4;
					};
					44105DC32C590333004D4A45 = {
						CreatedOnToolsVersion = 15.4;
					};
					44105DEC2C590BE3004D4A45 = {
						CreatedOnToolsVersion = 15.4;
					};
					44105E082C591616004D4A45 = {
						CreatedOnToolsVersion = 15.4;
						LastSwiftMigration = 1540;
					};
					44105E412C5936C5004D4A45 = {
						CreatedOnToolsVersion = 15.4;
						LastSwiftMigration = 1540;
					};
				};
			};
			buildConfigurationList = 440D322E2C58EDB5002C9D42 /* Build configuration list for PBXProject "GitUser" */;
			compatibilityVersion = "Xcode 14.0";
			developmentRegion = en;
			hasScannedForEncodings = 0;
			knownRegions = (
				en,
				Base,
			);
			mainGroup = 440D322A2C58EDB5002C9D42;
			packageReferences = (
				44105D912C58F706004D4A45 /* XCRemoteSwiftPackageReference "swift-composable-architecture" */,
				44105D942C58F74F004D4A45 /* XCRemoteSwiftPackageReference "BaseToolbox" */,
				44105DE32C590A46004D4A45 /* XCRemoteSwiftPackageReference "Alamofire" */,
				44105E502C59E08C004D4A45 /* XCRemoteSwiftPackageReference "UIComponent" */,
			);
			productRefGroup = 440D32342C58EDB5002C9D42 /* Products */;
			projectDirPath = "";
			projectRoot = "";
			targets = (
				440D32322C58EDB5002C9D42 /* GitUser */,
				44105DC32C590333004D4A45 /* GitUserCore */,
				44105DEC2C590BE3004D4A45 /* GitAPI */,
				44105E082C591616004D4A45 /* GitLibrary */,
				44105E412C5936C5004D4A45 /* GitModel */,
			);
		};
/* End PBXProject section */

/* Begin PBXResourcesBuildPhase section */
		440D32312C58EDB5002C9D42 /* Resources */ = {
			isa = PBXResourcesBuildPhase;
			buildActionMask = 2147483647;
			files = (
				440D32402C58EDB6002C9D42 /* Assets.xcassets in Resources */,
				440D32432C58EDB6002C9D42 /* Base in Resources */,
			);
			runOnlyForDeploymentPostprocessing = 0;
		};
/* End PBXResourcesBuildPhase section */

/* Begin PBXSourcesBuildPhase section */
		440D322F2C58EDB5002C9D42 /* Sources */ = {
			isa = PBXSourcesBuildPhase;
			buildActionMask = 2147483647;
			files = (
				44105E7A2C5A6EB5004D4A45 /* DimmedView.swift in Sources */,
				44105E7C2C5A6F0A004D4A45 /* WebViewController.swift in Sources */,
				44105E8C2C5A8D30004D4A45 /* UserDetailViewController.swift in Sources */,
				44105E792C5A6EB5004D4A45 /* ContainerView.swift in Sources */,
				44105E1B2C5919B1004D4A45 /* SearchViewController.swift in Sources */,
				44105E6F2C5A6EB5004D4A45 /* ModalPresentationController.swift in Sources */,
				44105E702C5A6EB5004D4A45 /* ModalPresentationDelegate.swift in Sources */,
				440D323B2C58EDB5002C9D42 /* ViewController.swift in Sources */,
				44105E742C5A6EB5004D4A45 /* ModalPresentable+Default.swift in Sources */,
				44105E782C5A6EB5004D4A45 /* ModalPresenter+UIViewController.swift in Sources */,
				44105E552C59E355004D4A45 /* Font+Extension.swift in Sources */,
				44105E572C59E5A7004D4A45 /* Colors.swift in Sources */,
				44105E7E2C5A7244004D4A45 /* ViewController+Extension.swift in Sources */,
				44105E712C5A6EB5004D4A45 /* ModalHeight.swift in Sources */,
				440D32372C58EDB5002C9D42 /* AppDelegate.swift in Sources */,
				44105E822C5A7341004D4A45 /* UIScrollView+Extension.swift in Sources */,
				440D32392C58EDB5002C9D42 /* SceneDelegate.swift in Sources */,
				44105E722C5A6EB5004D4A45 /* ModalPresent+UIViewController.swift in Sources */,
				44105E6D2C5A6EB5004D4A45 /* ModalAnimator.swift in Sources */,
				44105E772C5A6EB5004D4A45 /* ModalPresenter.swift in Sources */,
				44105E732C5A6EB5004D4A45 /* ModalPresentable.swift in Sources */,
				44105E752C5A6EB5004D4A45 /* ModalPresentable+LayoutHelpers.swift in Sources */,
				44105E762C5A6EB5004D4A45 /* ModalPresentBackgroundInteraction.swift in Sources */,
				44105E802C5A72E4004D4A45 /* ScrollViewBehavior.swift in Sources */,
				44105E1F2C591EE4004D4A45 /* SearchResultController.swift in Sources */,
				44105E6E2C5A6EB5004D4A45 /* ModalPresentationAnimator.swift in Sources */,
			);
			runOnlyForDeploymentPostprocessing = 0;
		};
		44105DC02C590333004D4A45 /* Sources */ = {
			isa = PBXSourcesBuildPhase;
			buildActionMask = 2147483647;
			files = (
				44105DC72C590333004D4A45 /* GitUserEngine.swift in Sources */,
				44105E382C5929BA004D4A45 /* Logging.swift in Sources */,
				44105E852C5A7A79004D4A45 /* User.swift in Sources */,
				44105DCD2C59036D004D4A45 /* Search.swift in Sources */,
				44105E372C5929BA004D4A45 /* LogBox.swift in Sources */,
				44105DDB2C59060B004D4A45 /* Account.swift in Sources */,
			);
			runOnlyForDeploymentPostprocessing = 0;
		};
		44105DE92C590BE3004D4A45 /* Sources */ = {
			isa = PBXSourcesBuildPhase;
			buildActionMask = 2147483647;
			files = (
				44105DF42C590BEC004D4A45 /* GitUserRequest.swift in Sources */,
				44105DF62C590BEC004D4A45 /* FunctionDescription.swift in Sources */,
				44105DFB2C590C70004D4A45 /* ServerConfig.swift in Sources */,
				44105E232C5924E4004D4A45 /* Api_Search.swift in Sources */,
				44105E212C5924AE004D4A45 /* Api.swift in Sources */,
				44105E872C5A7C22004D4A45 /* Api_User.swift in Sources */,
				44105DF72C590BF2004D4A45 /* Network.swift in Sources */,
			);
			runOnlyForDeploymentPostprocessing = 0;
		};
		44105E052C591616004D4A45 /* Sources */ = {
			isa = PBXSourcesBuildPhase;
			buildActionMask = 2147483647;
			files = (
				44105E162C5916D2004D4A45 /* SearchStore.swift in Sources */,
				44105E172C59186B004D4A45 /* Context.swift in Sources */,
				44105E8E2C5A8EC2004D4A45 /* UserDetailStore.swift in Sources */,
			);
			runOnlyForDeploymentPostprocessing = 0;
		};
		44105E3E2C5936C5004D4A45 /* Sources */ = {
			isa = PBXSourcesBuildPhase;
			buildActionMask = 2147483647;
			files = (
				44105E4A2C5936E4004D4A45 /* GitUser.swift in Sources */,
				44105E892C5A7D05004D4A45 /* DetailedGitUser.swift in Sources */,
			);
			runOnlyForDeploymentPostprocessing = 0;
		};
/* End PBXSourcesBuildPhase section */

/* Begin PBXTargetDependency section */
		44105E042C591570004D4A45 /* PBXTargetDependency */ = {
			isa = PBXTargetDependency;
			target = 44105DC32C590333004D4A45 /* GitUserCore */;
			targetProxy = 44105E032C591570004D4A45 /* PBXContainerItemProxy */;
		};
		44105E3B2C5931AC004D4A45 /* PBXTargetDependency */ = {
			isa = PBXTargetDependency;
			target = 44105E082C591616004D4A45 /* GitLibrary */;
			targetProxy = 44105E3A2C5931AC004D4A45 /* PBXContainerItemProxy */;
		};
/* End PBXTargetDependency section */

/* Begin PBXVariantGroup section */
		440D32412C58EDB6002C9D42 /* LaunchScreen.storyboard */ = {
			isa = PBXVariantGroup;
			children = (
				440D32422C58EDB6002C9D42 /* Base */,
			);
			name = LaunchScreen.storyboard;
			sourceTree = "<group>";
		};
/* End PBXVariantGroup section */

/* Begin XCBuildConfiguration section */
		440D32452C58EDB6002C9D42 /* Debug */ = {
			isa = XCBuildConfiguration;
			buildSettings = {
				ALWAYS_SEARCH_USER_PATHS = NO;
				ASSETCATALOG_COMPILER_GENERATE_SWIFT_ASSET_SYMBOL_EXTENSIONS = YES;
				CLANG_ANALYZER_NONNULL = YES;
				CLANG_ANALYZER_NUMBER_OBJECT_CONVERSION = YES_AGGRESSIVE;
				CLANG_CXX_LANGUAGE_STANDARD = "gnu++20";
				CLANG_ENABLE_MODULES = YES;
				CLANG_ENABLE_OBJC_ARC = YES;
				CLANG_ENABLE_OBJC_WEAK = YES;
				CLANG_WARN_BLOCK_CAPTURE_AUTORELEASING = YES;
				CLANG_WARN_BOOL_CONVERSION = YES;
				CLANG_WARN_COMMA = YES;
				CLANG_WARN_CONSTANT_CONVERSION = YES;
				CLANG_WARN_DEPRECATED_OBJC_IMPLEMENTATIONS = YES;
				CLANG_WARN_DIRECT_OBJC_ISA_USAGE = YES_ERROR;
				CLANG_WARN_DOCUMENTATION_COMMENTS = YES;
				CLANG_WARN_EMPTY_BODY = YES;
				CLANG_WARN_ENUM_CONVERSION = YES;
				CLANG_WARN_INFINITE_RECURSION = YES;
				CLANG_WARN_INT_CONVERSION = YES;
				CLANG_WARN_NON_LITERAL_NULL_CONVERSION = YES;
				CLANG_WARN_OBJC_IMPLICIT_RETAIN_SELF = YES;
				CLANG_WARN_OBJC_LITERAL_CONVERSION = YES;
				CLANG_WARN_OBJC_ROOT_CLASS = YES_ERROR;
				CLANG_WARN_QUOTED_INCLUDE_IN_FRAMEWORK_HEADER = YES;
				CLANG_WARN_RANGE_LOOP_ANALYSIS = YES;
				CLANG_WARN_STRICT_PROTOTYPES = YES;
				CLANG_WARN_SUSPICIOUS_MOVE = YES;
				CLANG_WARN_UNGUARDED_AVAILABILITY = YES_AGGRESSIVE;
				CLANG_WARN_UNREACHABLE_CODE = YES;
				CLANG_WARN__DUPLICATE_METHOD_MATCH = YES;
				COPY_PHASE_STRIP = NO;
				DEBUG_INFORMATION_FORMAT = dwarf;
				ENABLE_STRICT_OBJC_MSGSEND = YES;
				ENABLE_TESTABILITY = YES;
				ENABLE_USER_SCRIPT_SANDBOXING = YES;
				GCC_C_LANGUAGE_STANDARD = gnu17;
				GCC_DYNAMIC_NO_PIC = NO;
				GCC_NO_COMMON_BLOCKS = YES;
				GCC_OPTIMIZATION_LEVEL = 0;
				GCC_PREPROCESSOR_DEFINITIONS = (
					"DEBUG=1",
					"$(inherited)",
				);
				GCC_WARN_64_TO_32_BIT_CONVERSION = YES;
				GCC_WARN_ABOUT_RETURN_TYPE = YES_ERROR;
				GCC_WARN_UNDECLARED_SELECTOR = YES;
				GCC_WARN_UNINITIALIZED_AUTOS = YES_AGGRESSIVE;
				GCC_WARN_UNUSED_FUNCTION = YES;
				GCC_WARN_UNUSED_VARIABLE = YES;
				IPHONEOS_DEPLOYMENT_TARGET = 17.0;
				LOCALIZATION_PREFERS_STRING_CATALOGS = YES;
				MTL_ENABLE_DEBUG_INFO = INCLUDE_SOURCE;
				MTL_FAST_MATH = YES;
				ONLY_ACTIVE_ARCH = YES;
				SDKROOT = iphoneos;
				SWIFT_ACTIVE_COMPILATION_CONDITIONS = "DEBUG $(inherited)";
				SWIFT_OPTIMIZATION_LEVEL = "-Onone";
			};
			name = Debug;
		};
		440D32462C58EDB6002C9D42 /* Release */ = {
			isa = XCBuildConfiguration;
			buildSettings = {
				ALWAYS_SEARCH_USER_PATHS = NO;
				ASSETCATALOG_COMPILER_GENERATE_SWIFT_ASSET_SYMBOL_EXTENSIONS = YES;
				CLANG_ANALYZER_NONNULL = YES;
				CLANG_ANALYZER_NUMBER_OBJECT_CONVERSION = YES_AGGRESSIVE;
				CLANG_CXX_LANGUAGE_STANDARD = "gnu++20";
				CLANG_ENABLE_MODULES = YES;
				CLANG_ENABLE_OBJC_ARC = YES;
				CLANG_ENABLE_OBJC_WEAK = YES;
				CLANG_WARN_BLOCK_CAPTURE_AUTORELEASING = YES;
				CLANG_WARN_BOOL_CONVERSION = YES;
				CLANG_WARN_COMMA = YES;
				CLANG_WARN_CONSTANT_CONVERSION = YES;
				CLANG_WARN_DEPRECATED_OBJC_IMPLEMENTATIONS = YES;
				CLANG_WARN_DIRECT_OBJC_ISA_USAGE = YES_ERROR;
				CLANG_WARN_DOCUMENTATION_COMMENTS = YES;
				CLANG_WARN_EMPTY_BODY = YES;
				CLANG_WARN_ENUM_CONVERSION = YES;
				CLANG_WARN_INFINITE_RECURSION = YES;
				CLANG_WARN_INT_CONVERSION = YES;
				CLANG_WARN_NON_LITERAL_NULL_CONVERSION = YES;
				CLANG_WARN_OBJC_IMPLICIT_RETAIN_SELF = YES;
				CLANG_WARN_OBJC_LITERAL_CONVERSION = YES;
				CLANG_WARN_OBJC_ROOT_CLASS = YES_ERROR;
				CLANG_WARN_QUOTED_INCLUDE_IN_FRAMEWORK_HEADER = YES;
				CLANG_WARN_RANGE_LOOP_ANALYSIS = YES;
				CLANG_WARN_STRICT_PROTOTYPES = YES;
				CLANG_WARN_SUSPICIOUS_MOVE = YES;
				CLANG_WARN_UNGUARDED_AVAILABILITY = YES_AGGRESSIVE;
				CLANG_WARN_UNREACHABLE_CODE = YES;
				CLANG_WARN__DUPLICATE_METHOD_MATCH = YES;
				COPY_PHASE_STRIP = NO;
				DEBUG_INFORMATION_FORMAT = "dwarf-with-dsym";
				ENABLE_NS_ASSERTIONS = NO;
				ENABLE_STRICT_OBJC_MSGSEND = YES;
				ENABLE_USER_SCRIPT_SANDBOXING = YES;
				GCC_C_LANGUAGE_STANDARD = gnu17;
				GCC_NO_COMMON_BLOCKS = YES;
				GCC_WARN_64_TO_32_BIT_CONVERSION = YES;
				GCC_WARN_ABOUT_RETURN_TYPE = YES_ERROR;
				GCC_WARN_UNDECLARED_SELECTOR = YES;
				GCC_WARN_UNINITIALIZED_AUTOS = YES_AGGRESSIVE;
				GCC_WARN_UNUSED_FUNCTION = YES;
				GCC_WARN_UNUSED_VARIABLE = YES;
				IPHONEOS_DEPLOYMENT_TARGET = 17.0;
				LOCALIZATION_PREFERS_STRING_CATALOGS = YES;
				MTL_ENABLE_DEBUG_INFO = NO;
				MTL_FAST_MATH = YES;
				SDKROOT = iphoneos;
				SWIFT_COMPILATION_MODE = wholemodule;
				VALIDATE_PRODUCT = YES;
			};
			name = Release;
		};
		440D32482C58EDB6002C9D42 /* Debug */ = {
			isa = XCBuildConfiguration;
			buildSettings = {
				ALWAYS_EMBED_SWIFT_STANDARD_LIBRARIES = YES;
				ASSETCATALOG_COMPILER_APPICON_NAME = AppIcon;
				ASSETCATALOG_COMPILER_GLOBAL_ACCENT_COLOR_NAME = AccentColor;
				CODE_SIGN_STYLE = Automatic;
				CURRENT_PROJECT_VERSION = 1;
				GENERATE_INFOPLIST_FILE = YES;
				INFOPLIST_FILE = GitUser/App/Info.plist;
				INFOPLIST_KEY_UIApplicationSupportsIndirectInputEvents = YES;
				INFOPLIST_KEY_UILaunchStoryboardName = LaunchScreen;
				INFOPLIST_KEY_UISupportedInterfaceOrientations_iPad = "UIInterfaceOrientationPortrait UIInterfaceOrientationPortraitUpsideDown UIInterfaceOrientationLandscapeLeft UIInterfaceOrientationLandscapeRight";
				INFOPLIST_KEY_UISupportedInterfaceOrientations_iPhone = "UIInterfaceOrientationPortrait UIInterfaceOrientationLandscapeLeft UIInterfaceOrientationLandscapeRight";
				IPHONEOS_DEPLOYMENT_TARGET = 17.0;
				LD_RUNPATH_SEARCH_PATHS = (
					"$(inherited)",
					"@executable_path/Frameworks",
				);
				MARKETING_VERSION = 1.0;
				PRODUCT_BUNDLE_IDENTIFIER = tw.com.bingbing.GitUser;
				PRODUCT_NAME = "$(TARGET_NAME)";
				SWIFT_EMIT_LOC_STRINGS = YES;
				SWIFT_VERSION = 5.0;
				TARGETED_DEVICE_FAMILY = "1,2";
			};
			name = Debug;
		};
		440D32492C58EDB6002C9D42 /* Release */ = {
			isa = XCBuildConfiguration;
			buildSettings = {
				ALWAYS_EMBED_SWIFT_STANDARD_LIBRARIES = YES;
				ASSETCATALOG_COMPILER_APPICON_NAME = AppIcon;
				ASSETCATALOG_COMPILER_GLOBAL_ACCENT_COLOR_NAME = AccentColor;
				CODE_SIGN_STYLE = Automatic;
				CURRENT_PROJECT_VERSION = 1;
				GENERATE_INFOPLIST_FILE = YES;
				INFOPLIST_FILE = GitUser/App/Info.plist;
				INFOPLIST_KEY_UIApplicationSupportsIndirectInputEvents = YES;
				INFOPLIST_KEY_UILaunchStoryboardName = LaunchScreen;
				INFOPLIST_KEY_UISupportedInterfaceOrientations_iPad = "UIInterfaceOrientationPortrait UIInterfaceOrientationPortraitUpsideDown UIInterfaceOrientationLandscapeLeft UIInterfaceOrientationLandscapeRight";
				INFOPLIST_KEY_UISupportedInterfaceOrientations_iPhone = "UIInterfaceOrientationPortrait UIInterfaceOrientationLandscapeLeft UIInterfaceOrientationLandscapeRight";
				IPHONEOS_DEPLOYMENT_TARGET = 17.0;
				LD_RUNPATH_SEARCH_PATHS = (
					"$(inherited)",
					"@executable_path/Frameworks",
				);
				MARKETING_VERSION = 1.0;
				PRODUCT_BUNDLE_IDENTIFIER = tw.com.bingbing.GitUser;
				PRODUCT_NAME = "$(TARGET_NAME)";
				SWIFT_EMIT_LOC_STRINGS = YES;
				SWIFT_VERSION = 5.0;
				TARGETED_DEVICE_FAMILY = "1,2";
			};
			name = Release;
		};
		44105DC92C590333004D4A45 /* Debug */ = {
			isa = XCBuildConfiguration;
			buildSettings = {
				CODE_SIGN_STYLE = Automatic;
				IPHONEOS_DEPLOYMENT_TARGET = 17.0;
				OTHER_LDFLAGS = "-ObjC";
				PRODUCT_NAME = "$(TARGET_NAME)";
				SKIP_INSTALL = YES;
				SWIFT_VERSION = 5.0;
				TARGETED_DEVICE_FAMILY = "1,2";
			};
			name = Debug;
		};
		44105DCA2C590333004D4A45 /* Release */ = {
			isa = XCBuildConfiguration;
			buildSettings = {
				CODE_SIGN_STYLE = Automatic;
				IPHONEOS_DEPLOYMENT_TARGET = 17.0;
				OTHER_LDFLAGS = "-ObjC";
				PRODUCT_NAME = "$(TARGET_NAME)";
				SKIP_INSTALL = YES;
				SWIFT_VERSION = 5.0;
				TARGETED_DEVICE_FAMILY = "1,2";
			};
			name = Release;
		};
		44105DF22C590BE3004D4A45 /* Debug */ = {
			isa = XCBuildConfiguration;
			buildSettings = {
				CODE_SIGN_STYLE = Automatic;
				IPHONEOS_DEPLOYMENT_TARGET = 17.0;
				OTHER_LDFLAGS = "-ObjC";
				PRODUCT_NAME = "$(TARGET_NAME)";
				SKIP_INSTALL = YES;
				SWIFT_VERSION = 5.0;
				TARGETED_DEVICE_FAMILY = "1,2";
			};
			name = Debug;
		};
		44105DF32C590BE3004D4A45 /* Release */ = {
			isa = XCBuildConfiguration;
			buildSettings = {
				CODE_SIGN_STYLE = Automatic;
				IPHONEOS_DEPLOYMENT_TARGET = 17.0;
				OTHER_LDFLAGS = "-ObjC";
				PRODUCT_NAME = "$(TARGET_NAME)";
				SKIP_INSTALL = YES;
				SWIFT_VERSION = 5.0;
				TARGETED_DEVICE_FAMILY = "1,2";
			};
			name = Release;
		};
		44105E0E2C591616004D4A45 /* Debug */ = {
			isa = XCBuildConfiguration;
			buildSettings = {
				CLANG_ENABLE_MODULES = YES;
				CODE_SIGN_STYLE = Automatic;
				IPHONEOS_DEPLOYMENT_TARGET = 17.0;
				OTHER_LDFLAGS = "-ObjC";
				PRODUCT_NAME = "$(TARGET_NAME)";
				SKIP_INSTALL = YES;
				SWIFT_OPTIMIZATION_LEVEL = "-Onone";
				SWIFT_VERSION = 5.0;
				TARGETED_DEVICE_FAMILY = "1,2";
			};
			name = Debug;
		};
		44105E0F2C591616004D4A45 /* Release */ = {
			isa = XCBuildConfiguration;
			buildSettings = {
				CLANG_ENABLE_MODULES = YES;
				CODE_SIGN_STYLE = Automatic;
				IPHONEOS_DEPLOYMENT_TARGET = 17.0;
				OTHER_LDFLAGS = "-ObjC";
				PRODUCT_NAME = "$(TARGET_NAME)";
				SKIP_INSTALL = YES;
				SWIFT_VERSION = 5.0;
				TARGETED_DEVICE_FAMILY = "1,2";
			};
			name = Release;
		};
		44105E472C5936C5004D4A45 /* Debug */ = {
			isa = XCBuildConfiguration;
			buildSettings = {
				CLANG_ENABLE_MODULES = YES;
				CODE_SIGN_STYLE = Automatic;
				OTHER_LDFLAGS = "-ObjC";
				PRODUCT_NAME = "$(TARGET_NAME)";
				SKIP_INSTALL = YES;
				SWIFT_OPTIMIZATION_LEVEL = "-Onone";
				SWIFT_VERSION = 5.0;
				TARGETED_DEVICE_FAMILY = "1,2";
			};
			name = Debug;
		};
		44105E482C5936C5004D4A45 /* Release */ = {
			isa = XCBuildConfiguration;
			buildSettings = {
				CLANG_ENABLE_MODULES = YES;
				CODE_SIGN_STYLE = Automatic;
				OTHER_LDFLAGS = "-ObjC";
				PRODUCT_NAME = "$(TARGET_NAME)";
				SKIP_INSTALL = YES;
				SWIFT_VERSION = 5.0;
				TARGETED_DEVICE_FAMILY = "1,2";
			};
			name = Release;
		};
/* End XCBuildConfiguration section */

/* Begin XCConfigurationList section */
		440D322E2C58EDB5002C9D42 /* Build configuration list for PBXProject "GitUser" */ = {
			isa = XCConfigurationList;
			buildConfigurations = (
				440D32452C58EDB6002C9D42 /* Debug */,
				440D32462C58EDB6002C9D42 /* Release */,
			);
			defaultConfigurationIsVisible = 0;
			defaultConfigurationName = Release;
		};
		440D32472C58EDB6002C9D42 /* Build configuration list for PBXNativeTarget "GitUser" */ = {
			isa = XCConfigurationList;
			buildConfigurations = (
				440D32482C58EDB6002C9D42 /* Debug */,
				440D32492C58EDB6002C9D42 /* Release */,
			);
			defaultConfigurationIsVisible = 0;
			defaultConfigurationName = Release;
		};
		44105DC82C590333004D4A45 /* Build configuration list for PBXNativeTarget "GitUserCore" */ = {
			isa = XCConfigurationList;
			buildConfigurations = (
				44105DC92C590333004D4A45 /* Debug */,
				44105DCA2C590333004D4A45 /* Release */,
			);
			defaultConfigurationIsVisible = 0;
			defaultConfigurationName = Release;
		};
		44105DF12C590BE3004D4A45 /* Build configuration list for PBXNativeTarget "GitAPI" */ = {
			isa = XCConfigurationList;
			buildConfigurations = (
				44105DF22C590BE3004D4A45 /* Debug */,
				44105DF32C590BE3004D4A45 /* Release */,
			);
			defaultConfigurationIsVisible = 0;
			defaultConfigurationName = Release;
		};
		44105E0D2C591616004D4A45 /* Build configuration list for PBXNativeTarget "GitLibrary" */ = {
			isa = XCConfigurationList;
			buildConfigurations = (
				44105E0E2C591616004D4A45 /* Debug */,
				44105E0F2C591616004D4A45 /* Release */,
			);
			defaultConfigurationIsVisible = 0;
			defaultConfigurationName = Release;
		};
		44105E462C5936C5004D4A45 /* Build configuration list for PBXNativeTarget "GitModel" */ = {
			isa = XCConfigurationList;
			buildConfigurations = (
				44105E472C5936C5004D4A45 /* Debug */,
				44105E482C5936C5004D4A45 /* Release */,
			);
			defaultConfigurationIsVisible = 0;
			defaultConfigurationName = Release;
		};
/* End XCConfigurationList section */

/* Begin XCRemoteSwiftPackageReference section */
		44105D912C58F706004D4A45 /* XCRemoteSwiftPackageReference "swift-composable-architecture" */ = {
			isa = XCRemoteSwiftPackageReference;
			repositoryURL = "https://github.com/pointfreeco/swift-composable-architecture.git";
			requirement = {
				kind = upToNextMajorVersion;
				minimumVersion = 1.12.1;
			};
		};
		44105D942C58F74F004D4A45 /* XCRemoteSwiftPackageReference "BaseToolbox" */ = {
			isa = XCRemoteSwiftPackageReference;
			repositoryURL = "https://github.com/lkzhao/BaseToolbox.git";
			requirement = {
				kind = upToNextMajorVersion;
				minimumVersion = 0.6.0;
			};
		};
		44105DE32C590A46004D4A45 /* XCRemoteSwiftPackageReference "Alamofire" */ = {
			isa = XCRemoteSwiftPackageReference;
			repositoryURL = "https://github.com/Alamofire/Alamofire";
			requirement = {
				kind = upToNextMajorVersion;
				minimumVersion = 5.9.1;
			};
		};
		44105E502C59E08C004D4A45 /* XCRemoteSwiftPackageReference "UIComponent" */ = {
			isa = XCRemoteSwiftPackageReference;
			repositoryURL = "https://github.com/lkzhao/UIComponent";
			requirement = {
				kind = upToNextMajorVersion;
				minimumVersion = 3.0.5;
			};
		};
/* End XCRemoteSwiftPackageReference section */

/* Begin XCSwiftPackageProductDependency section */
		44105D922C58F706004D4A45 /* ComposableArchitecture */ = {
			isa = XCSwiftPackageProductDependency;
			package = 44105D912C58F706004D4A45 /* XCRemoteSwiftPackageReference "swift-composable-architecture" */;
			productName = ComposableArchitecture;
		};
		44105D952C58F74F004D4A45 /* BaseToolbox */ = {
			isa = XCSwiftPackageProductDependency;
			package = 44105D942C58F74F004D4A45 /* XCRemoteSwiftPackageReference "BaseToolbox" */;
			productName = BaseToolbox;
		};
		44105DE42C590A46004D4A45 /* Alamofire */ = {
			isa = XCSwiftPackageProductDependency;
			package = 44105DE32C590A46004D4A45 /* XCRemoteSwiftPackageReference "Alamofire" */;
			productName = Alamofire;
		};
		44105DF82C590C0E004D4A45 /* Alamofire */ = {
			isa = XCSwiftPackageProductDependency;
			package = 44105DE32C590A46004D4A45 /* XCRemoteSwiftPackageReference "Alamofire" */;
			productName = Alamofire;
		};
		44105E102C591646004D4A45 /* ComposableArchitecture */ = {
			isa = XCSwiftPackageProductDependency;
			package = 44105D912C58F706004D4A45 /* XCRemoteSwiftPackageReference "swift-composable-architecture" */;
			productName = ComposableArchitecture;
		};
		44105E512C59E08C004D4A45 /* UIComponent */ = {
			isa = XCSwiftPackageProductDependency;
			package = 44105E502C59E08C004D4A45 /* XCRemoteSwiftPackageReference "UIComponent" */;
			productName = UIComponent;
		};
/* End XCSwiftPackageProductDependency section */
	};
	rootObject = 440D322B2C58EDB5002C9D42 /* Project object */;
}
